
Microsoft Visual Studio Solution File, Format Version 12.00
# Visual Studio Version 17
VisualStudioVersion = 17.9.34701.34
MinimumVisualStudioVersion = 10.0.40219.1
Project("{FAE04EC0-301F-11D3-BF4B-00C04F79EFBC}") = "Assignment4", "Assignment4\Assignment4.csproj", "{948D4BCA-5C26-4549-A606-42D4F31E6C5B}"
EndProject
Global
	GlobalSection(SolutionConfigurationPlatforms) = preSolution
		Debug|Any CPU = Debug|Any CPU
		Release|Any CPU = Release|Any CPU
	EndGlobalSection
	GlobalSection(ProjectConfigurationPlatforms) = postSolution
		{948D4BCA-5C26-4549-A606-42D4F31E6C5B}.Debug|Any CPU.ActiveCfg = Debug|Any CPU
		{948D4BCA-5C26-4549-A606-42D4F31E6C5B}.Debug|Any CPU.Build.0 = Debug|Any CPU
		{948D4BCA-5C26-4549-A606-42D4F31E6C5B}.Release|Any CPU.ActiveCfg = Release|Any CPU
		{948D4BCA-5C26-4549-A606-42D4F31E6C5B}.Release|Any CPU.Build.0 = Release|Any CPU
	EndGlobalSection
	GlobalSection(SolutionProperties) = preSolution
		HideSolutionNode = FALSE
	EndGlobalSection
	GlobalSection(ExtensibilityGlobals) = postSolution
		SolutionGuid = {1EAB7331-5697-4A86-B2B0-1562209ACCDA}
	EndGlobalSection
EndGlobal
